
Microsoft Visual Studio Solution File, Format Version 12.00
# Visual Studio Version 17
VisualStudioVersion = 17.4.33213.308
MinimumVisualStudioVersion = 10.0.40219.1
Project("{9A19103F-16F7-4668-BE54-9A1E7A4F7556}") = "GST_API", "GST_API\GST_API.csproj", "{AB5C706F-B798-4136-BF04-FC8453AC8EF2}"
EndProject
Project("{9A19103F-16F7-4668-BE54-9A1E7A4F7556}") = "GST_API_Library", "GST_API_Library\GST_API_Library.csproj", "{2F7CB4F9-F273-4CE9-8764-AF06E11F0623}"
EndProject
Project("{54A90642-561A-4BB1-A94E-469ADEE60C69}") = "GST_APP", "GST_APP\GST_APP.esproj", "{3CE64BF0-39F7-4372-B5C3-1F0CF4478751}"
EndProject
Project("{9A19103F-16F7-4668-BE54-9A1E7A4F7556}") = "GST_API_DAL", "GST_API_DAL\GST_API_DAL.csproj", "{25942628-82DA-4516-B1B2-D2FCE96ED14D}"
EndProject
Global
	GlobalSection(SolutionConfigurationPlatforms) = preSolution
		Debug|Any CPU = Debug|Any CPU
		Release|Any CPU = Release|Any CPU
	EndGlobalSection
	GlobalSection(ProjectConfigurationPlatforms) = postSolution
		{AB5C706F-B798-4136-BF04-FC8453AC8EF2}.Debug|Any CPU.ActiveCfg = Debug|Any CPU
		{AB5C706F-B798-4136-BF04-FC8453AC8EF2}.Debug|Any CPU.Build.0 = Debug|Any CPU
		{AB5C706F-B798-4136-BF04-FC8453AC8EF2}.Release|Any CPU.ActiveCfg = Release|Any CPU
		{AB5C706F-B798-4136-BF04-FC8453AC8EF2}.Release|Any CPU.Build.0 = Release|Any CPU
		{2F7CB4F9-F273-4CE9-8764-AF06E11F0623}.Debug|Any CPU.ActiveCfg = Debug|Any CPU
		{2F7CB4F9-F273-4CE9-8764-AF06E11F0623}.Debug|Any CPU.Build.0 = Debug|Any CPU
		{2F7CB4F9-F273-4CE9-8764-AF06E11F0623}.Release|Any CPU.ActiveCfg = Release|Any CPU
		{2F7CB4F9-F273-4CE9-8764-AF06E11F0623}.Release|Any CPU.Build.0 = Release|Any CPU
		{3CE64BF0-39F7-4372-B5C3-1F0CF4478751}.Debug|Any CPU.ActiveCfg = Debug|Any CPU
		{3CE64BF0-39F7-4372-B5C3-1F0CF4478751}.Debug|Any CPU.Build.0 = Debug|Any CPU
		{3CE64BF0-39F7-4372-B5C3-1F0CF4478751}.Debug|Any CPU.Deploy.0 = Debug|Any CPU
		{3CE64BF0-39F7-4372-B5C3-1F0CF4478751}.Release|Any CPU.ActiveCfg = Release|Any CPU
		{3CE64BF0-39F7-4372-B5C3-1F0CF4478751}.Release|Any CPU.Build.0 = Release|Any CPU
		{3CE64BF0-39F7-4372-B5C3-1F0CF4478751}.Release|Any CPU.Deploy.0 = Release|Any CPU
		{25942628-82DA-4516-B1B2-D2FCE96ED14D}.Debug|Any CPU.ActiveCfg = Debug|Any CPU
		{25942628-82DA-4516-B1B2-D2FCE96ED14D}.Debug|Any CPU.Build.0 = Debug|Any CPU
		{25942628-82DA-4516-B1B2-D2FCE96ED14D}.Release|Any CPU.ActiveCfg = Release|Any CPU
		{25942628-82DA-4516-B1B2-D2FCE96ED14D}.Release|Any CPU.Build.0 = Release|Any CPU
	EndGlobalSection
	GlobalSection(SolutionProperties) = preSolution
		HideSolutionNode = FALSE
	EndGlobalSection
	GlobalSection(ExtensibilityGlobals) = postSolution
		SolutionGuid = {1F4C15CC-44FB-44A6-B429-596507660F0F}
	EndGlobalSection
EndGlobal
